
Microsoft Visual Studio Solution File, Format Version 12.00
# Visual Studio Version 16
VisualStudioVersion = 16.0.30114.105
MinimumVisualStudioVersion = 10.0.40219.1
Project("{8BC9CEB8-8B4A-11D0-8D11-00A0C91BC942}") = "CSES", "CSES.vcxproj", "{33CEAA8D-5844-4A5A-A0CE-237CE0ABA112}"
EndProject
Global
	GlobalSection(SolutionConfigurationPlatforms) = preSolution
		Debug|x64 = Debug|x64
		Debug|x86 = Debug|x86
		Release|x64 = Release|x64
		Release|x86 = Release|x86
	EndGlobalSection
	GlobalSection(ProjectConfigurationPlatforms) = postSolution
		{33CEAA8D-5844-4A5A-A0CE-237CE0ABA112}.Debug|x64.ActiveCfg = Debug|x64
		{33CEAA8D-5844-4A5A-A0CE-237CE0ABA112}.Debug|x64.Build.0 = Debug|x64
		{33CEAA8D-5844-4A5A-A0CE-237CE0ABA112}.Debug|x86.ActiveCfg = Debug|Win32
		{33CEAA8D-5844-4A5A-A0CE-237CE0ABA112}.Debug|x86.Build.0 = Debug|Win32
		{33CEAA8D-5844-4A5A-A0CE-237CE0ABA112}.Release|x64.ActiveCfg = Release|x64
		{33CEAA8D-5844-4A5A-A0CE-237CE0ABA112}.Release|x64.Build.0 = Release|x64
		{33CEAA8D-5844-4A5A-A0CE-237CE0ABA112}.Release|x86.ActiveCfg = Release|Win32
		{33CEAA8D-5844-4A5A-A0CE-237CE0ABA112}.Release|x86.Build.0 = Release|Win32
	EndGlobalSection
	GlobalSection(SolutionProperties) = preSolution
		HideSolutionNode = FALSE
	EndGlobalSection
	GlobalSection(ExtensibilityGlobals) = postSolution
		SolutionGuid = {49047AA6-ECDC-44D4-BFAC-D5294645FC43}
	EndGlobalSection
EndGlobal
