<?xml version="1.0" encoding="utf-8"?>
<Project ToolsVersion="4.0" xmlns="http://schemas.microsoft.com/developer/msbuild/2003">
  <ItemGroup>
    <Filter Include="Source Files">
      <UniqueIdentifier>{4FC737F1-C7A5-4376-A066-2A32D752A2FF}</UniqueIdentifier>
      <Extensions>cpp;c;cc;cxx;def;odl;idl;hpj;bat;asm;asmx</Extensions>
    </Filter>
    <Filter Include="Header Files">
      <UniqueIdentifier>{93995380-89BD-4b04-88EB-625FBE52EBFB}</UniqueIdentifier>
      <Extensions>h;hh;hpp;hxx;hm;inl;inc;ipp;xsd</Extensions>
    </Filter>
    <Filter Include="Resource Files">
      <UniqueIdentifier>{67DA6AB6-F800-4c08-8B7A-83BB121AAD01}</UniqueIdentifier>
      <Extensions>rc;ico;cur;bmp;dlg;rc2;rct;bin;rgs;gif;jpg;jpeg;jpe;resx;tiff;tif;png;wav;mfcribbon-ms</Extensions>
    </Filter>
  </ItemGroup>
  <ItemGroup>
    <ClCompile Include="TwoButtons.cpp">
      <Filter>Source Files</Filter>
    </ClCompile>
    <ClCompile Include="AandBCompErrors.cpp">
      <Filter>Source Files</Filter>
    </ClCompile>
    <ClCompile Include="BASE.cpp">
      <Filter>Resource Files</Filter>
    </ClCompile>
    <ClCompile Include="FlippingGame.cpp">
      <Filter>Source Files</Filter>
    </ClCompile>
    <ClCompile Include="NastyaAndDoor.cpp">
      <Filter>Source Files</Filter>
    </ClCompile>
    <ClCompile Include="Watermelon.cpp">
      <Filter>Source Files</Filter>
    </ClCompile>
    <ClCompile Include="TheatreSquare.cpp">
      <Filter>Source Files</Filter>
    </ClCompile>
    <ClCompile Include="LLyaandQueries.cpp">
      <Filter>Source Files</Filter>
    </ClCompile>
    <ClCompile Include="WrongSubtraction.cpp">
      <Filter>Source Files</Filter>
    </ClCompile>
    <ClCompile Include="AgainTwentyFive.cpp">
      <Filter>Source Files</Filter>
    </ClCompile>
    <ClCompile Include="KefaAndFirstSteps.cpp">
      <Filter>Source Files</Filter>
    </ClCompile>
    <ClCompile Include="WayTooLongWords.cpp">
      <Filter>Source Files</Filter>
    </ClCompile>
    <ClCompile Include="CutRibbon.cpp">
      <Filter>Source Files</Filter>
    </ClCompile>
    <ClCompile Include="StringTask.cpp">
      <Filter>Source Files</Filter>
    </ClCompile>
    <ClCompile Include="FillingDiamonds.cpp">
      <Filter>Source Files</Filter>
    </ClCompile>
    <ClCompile Include="cApslOck.cpp">
      <Filter>Source Files</Filter>
    </ClCompile>
    <ClCompile Include="RegistrationSystem.cpp">
      <Filter>Source Files</Filter>
    </ClCompile>
    <ClCompile Include="Winner.cpp">
      <Filter>Source Files</Filter>
    </ClCompile>
    <ClCompile Include="SoldierAndBananas.cpp">
      <Filter>Source Files</Filter>
    </ClCompile>
    <ClCompile Include="HitTheLottery.cpp">
      <Filter>Source Files</Filter>
    </ClCompile>
    <ClCompile Include="HelpfulMaths.cpp">
      <Filter>Source Files</Filter>
    </ClCompile>
    <ClCompile Include="LuckyDivision.cpp">
      <Filter>Source Files</Filter>
    </ClCompile>
    <ClCompile Include="CandiesAndTwoSisters.cpp">
      <Filter>Source Files</Filter>
    </ClCompile>
    <ClCompile Include="WordCapitalization.cpp">
      <Filter>Source Files</Filter>
    </ClCompile>
    <ClCompile Include="SashaAndSticks.cpp">
      <Filter>Source Files</Filter>
    </ClCompile>
    <ClCompile Include="HQ9+.cpp">
      <Filter>Source Files</Filter>
    </ClCompile>
    <ClCompile Include="SocialNetwork.cpp">
      <Filter>Source Files</Filter>
    </ClCompile>
    <ClCompile Include="SerejaAndSuffixes.cpp">
      <Filter>Source Files</Filter>
    </ClCompile>
    <ClCompile Include="Keyboard.cpp">
      <Filter>Source Files</Filter>
    </ClCompile>
    <ClCompile Include="Deadline.cpp">
      <Filter>Source Files</Filter>
    </ClCompile>
    <ClCompile Include="CowAndHaybales.cpp">
      <Filter>Source Files</Filter>
    </ClCompile>
    <ClCompile Include="QuasiBinary.cpp">
      <Filter>Source Files</Filter>
    </ClCompile>
    <ClCompile Include="IsItRated.cpp">
      <Filter>Source Files</Filter>
    </ClCompile>
    <ClCompile Include="Boredom.cpp">
      <Filter>Source Files</Filter>
    </ClCompile>
    <ClCompile Include="PointsInSegments.cpp">
      <Filter>Source Files</Filter>
    </ClCompile>
    <ClCompile Include="Fence.cpp">
      <Filter>Source Files</Filter>
    </ClCompile>
    <ClCompile Include="GivenLengthAndSumOfDigits.cpp">
      <Filter>Source Files</Filter>
    </ClCompile>
    <ClCompile Include="PhoenixAndBalance.cpp">
      <Filter>Source Files</Filter>
    </ClCompile>
    <ClCompile Include="PheonixAndBeauty.cpp">
      <Filter>Source Files</Filter>
    </ClCompile>
    <ClCompile Include="NightAtTheMuseum.cpp">
      <Filter>Source Files</Filter>
    </ClCompile>
    <ClCompile Include="Fraction.cpp">
      <Filter>Source Files</Filter>
    </ClCompile>
    <ClCompile Include="MakeProductEqualOne.cpp">
      <Filter>Source Files</Filter>
    </ClCompile>
    <ClCompile Include="AsSimpleasOneandTwo.cpp">
      <Filter>Source Files</Filter>
    </ClCompile>
    <ClCompile Include="BearAndThreeMusketeers.cpp">
      <Filter>Source Files</Filter>
    </ClCompile>
    <ClCompile Include="InterestingDrink.cpp">
      <Filter>Source Files</Filter>
    </ClCompile>
    <ClCompile Include="PetyaAndStrings.cpp">
      <Filter>Source Files</Filter>
    </ClCompile>
    <ClCompile Include="BoyOrGirl.cpp">
      <Filter>Source Files</Filter>
    </ClCompile>
    <ClCompile Include="KindAnton.cpp">
      <Filter>Source Files</Filter>
    </ClCompile>
    <ClCompile Include="IsomorphicStrings.cpp">
      <Filter>Source Files</Filter>
    </ClCompile>
    <ClCompile Include="IchihimeAndTriangle.cpp">
      <Filter>Source Files</Filter>
    </ClCompile>
    <ClCompile Include="Football.cpp">
      <Filter>Source Files</Filter>
    </ClCompile>
    <ClCompile Include="ChatRoom.cpp">
      <Filter>Source Files</Filter>
    </ClCompile>
    <ClCompile Include="Translation.cpp">
      <Filter>Source Files</Filter>
    </ClCompile>
    <ClCompile Include="AntonDanik.cpp">
      <Filter>Source Files</Filter>
    </ClCompile>
    <ClCompile Include="Dubstep.cpp">
      <Filter>Source Files</Filter>
    </ClCompile>
    <ClCompile Include="Word.cpp">
      <Filter>Source Files</Filter>
    </ClCompile>
    <ClCompile Include="KeyboardLayouts.cpp">
      <Filter>Source Files</Filter>
    </ClCompile>
    <ClCompile Include="Reposts.cpp">
      <Filter>Source Files</Filter>
    </ClCompile>
    <ClCompile Include="AntonAndPolyhedrons.cpp">
      <Filter>Source Files</Filter>
    </ClCompile>
    <ClCompile Include="ABlendOfSpringTime.cpp">
      <Filter>Source Files</Filter>
    </ClCompile>
    <ClCompile Include="MikeAndStrings.cpp">
      <Filter>Source Files</Filter>
    </ClCompile>
    <ClCompile Include="Pangram.cpp">
      <Filter>Source Files</Filter>
    </ClCompile>
    <ClCompile Include="A+B.cpp">
      <Filter>Source Files</Filter>
    </ClCompile>
    <ClCompile Include="Square.cpp">
      <Filter>Source Files</Filter>
    </ClCompile>
    <ClCompile Include="Skier.cpp">
      <Filter>Source Files</Filter>
    </ClCompile>
    <ClCompile Include="Password.cpp">
      <Filter>Source Files</Filter>
    </ClCompile>
    <ClCompile Include="CopyCopyCopyCopyCopy.cpp">
      <Filter>Source Files</Filter>
    </ClCompile>
    <ClCompile Include="MahmoundandATriangle.cpp">
      <Filter>Source Files</Filter>
    </ClCompile>
    <ClCompile Include="TelephoneNumber.cpp">
      <Filter>Source Files</Filter>
    </ClCompile>
    <ClCompile Include="Joysticks.cpp">
      <Filter>Source Files</Filter>
    </ClCompile>
    <ClCompile Include="I_Love_username.cpp">
      <Filter>Source Files</Filter>
    </ClCompile>
    <ClCompile Include="MagnetMishap.cpp">
      <Filter>Source Files</Filter>
    </ClCompile>
    <ClCompile Include="KeanuReeves.cpp">
      <Filter>Source Files</Filter>
    </ClCompile>
  </ItemGroup>
</Project>