<?xml version="1.0" encoding="utf-8"?>
<Project ToolsVersion="4.0" xmlns="http://schemas.microsoft.com/developer/msbuild/2003">
  <ItemGroup>
    <Filter Include="Source Files">
      <UniqueIdentifier>{4FC737F1-C7A5-4376-A066-2A32D752A2FF}</UniqueIdentifier>
      <Extensions>cpp;c;cc;cxx;def;odl;idl;hpj;bat;asm;asmx</Extensions>
    </Filter>
    <Filter Include="Header Files">
      <UniqueIdentifier>{93995380-89BD-4b04-88EB-625FBE52EBFB}</UniqueIdentifier>
      <Extensions>h;hh;hpp;hxx;hm;inl;inc;ipp;xsd</Extensions>
    </Filter>
    <Filter Include="Resource Files">
      <UniqueIdentifier>{67DA6AB6-F800-4c08-8B7A-83BB121AAD01}</UniqueIdentifier>
      <Extensions>rc;ico;cur;bmp;dlg;rc2;rct;bin;rgs;gif;jpg;jpeg;jpe;resx;tiff;tif;png;wav;mfcribbon-ms</Extensions>
    </Filter>
  </ItemGroup>
  <ItemGroup>
    <ClCompile Include="TwoButtons.cpp">
      <Filter>Source Files</Filter>
    </ClCompile>
    <ClCompile Include="AandBCompErrors.cpp">
      <Filter>Source Files</Filter>
    </ClCompile>
    <ClCompile Include="BASE.cpp">
      <Filter>Resource Files</Filter>
    </ClCompile>
    <ClCompile Include="FlippingGame.cpp">
      <Filter>Source Files</Filter>
    </ClCompile>
    <ClCompile Include="NastyaAndDoor.cpp">
      <Filter>Source Files</Filter>
    </ClCompile>
    <ClCompile Include="Watermelon.cpp">
      <Filter>Source Files</Filter>
    </ClCompile>
    <ClCompile Include="TheatreSquare.cpp">
      <Filter>Source Files</Filter>
    </ClCompile>
    <ClCompile Include="LLyaandQueries.cpp">
      <Filter>Source Files</Filter>
    </ClCompile>
    <ClCompile Include="WrongSubtraction.cpp">
      <Filter>Source Files</Filter>
    </ClCompile>
    <ClCompile Include="AgainTwentyFive.cpp">
      <Filter>Source Files</Filter>
    </ClCompile>
    <ClCompile Include="KefaAndFirstSteps.cpp">
      <Filter>Source Files</Filter>
    </ClCompile>
    <ClCompile Include="WayTooLongWords.cpp">
      <Filter>Source Files</Filter>
    </ClCompile>
    <ClCompile Include="CutRibbon.cpp">
      <Filter>Source Files</Filter>
    </ClCompile>
    <ClCompile Include="StringTask.cpp">
      <Filter>Source Files</Filter>
    </ClCompile>
    <ClCompile Include="FillingDiamonds.cpp">
      <Filter>Source Files</Filter>
    </ClCompile>
    <ClCompile Include="cApslOck.cpp">
      <Filter>Source Files</Filter>
    </ClCompile>
    <ClCompile Include="RegistrationSystem.cpp">
      <Filter>Source Files</Filter>
    </ClCompile>
    <ClCompile Include="Winner.cpp">
      <Filter>Source Files</Filter>
    </ClCompile>
    <ClCompile Include="SoldierAndBananas.cpp">
      <Filter>Source Files</Filter>
    </ClCompile>
    <ClCompile Include="HitTheLottery.cpp">
      <Filter>Source Files</Filter>
    </ClCompile>
    <ClCompile Include="HelpfulMaths.cpp">
      <Filter>Source Files</Filter>
    </ClCompile>
    <ClCompile Include="LuckyDivision.cpp">
      <Filter>Source Files</Filter>
    </ClCompile>
    <ClCompile Include="CandiesAndTwoSisters.cpp">
      <Filter>Source Files</Filter>
    </ClCompile>
    <ClCompile Include="WordCapitalization.cpp">
      <Filter>Source Files</Filter>
    </ClCompile>
    <ClCompile Include="SashaAndSticks.cpp">
      <Filter>Source Files</Filter>
    </ClCompile>
    <ClCompile Include="HQ9+.cpp">
      <Filter>Source Files</Filter>
    </ClCompile>
    <ClCompile Include="SocialNetwork.cpp">
      <Filter>Source Files</Filter>
    </ClCompile>
    <ClCompile Include="SerejaAndSuffixes.cpp">
      <Filter>Source Files</Filter>
    </ClCompile>
    <ClCompile Include="Keyboard.cpp">
      <Filter>Source Files</Filter>
    </ClCompile>
    <ClCompile Include="Deadline.cpp">
      <Filter>Source Files</Filter>
    </ClCompile>
    <ClCompile Include="CowAndHaybales.cpp">
      <Filter>Source Files</Filter>
    </ClCompile>
    <ClCompile Include="QuasiBinary.cpp">
      <Filter>Source Files</Filter>
    </ClCompile>
    <ClCompile Include="IsItRated.cpp">
      <Filter>Source Files</Filter>
    </ClCompile>
    <ClCompile Include="Boredom.cpp">
      <Filter>Source Files</Filter>
    </ClCompile>
    <ClCompile Include="PointsInSegments.cpp">
      <Filter>Source Files</Filter>
    </ClCompile>
    <ClCompile Include="Fence.cpp">
      <Filter>Source Files</Filter>
    </ClCompile>
    <ClCompile Include="GivenLengthAndSumOfDigits.cpp">
      <Filter>Source Files</Filter>
    </ClCompile>
    <ClCompile Include="PhoenixAndBalance.cpp">
      <Filter>Source Files</Filter>
    </ClCompile>
    <ClCompile Include="PheonixAndBeauty.cpp">
      <Filter>Source Files</Filter>
    </ClCompile>
    <ClCompile Include="NightAtTheMuseum.cpp">
      <Filter>Source Files</Filter>
    </ClCompile>
    <ClCompile Include="Fraction.cpp">
      <Filter>Source Files</Filter>
    </ClCompile>
    <ClCompile Include="MakeProductEqualOne.cpp">
      <Filter>Source Files</Filter>
    </ClCompile>
    <ClCompile Include="AsSimpleasOneandTwo.cpp">
      <Filter>Source Files</Filter>
    </ClCompile>
    <ClCompile Include="BearAndThreeMusketeers.cpp">
      <Filter>Source Files</Filter>
    </ClCompile>
    <ClCompile Include="InterestingDrink.cpp">
      <Filter>Source Files</Filter>
    </ClCompile>
    <ClCompile Include="PetyaAndStrings.cpp">
      <Filter>Source Files</Filter>
    </ClCompile>
    <ClCompile Include="BoyOrGirl.cpp">
      <Filter>Source Files</Filter>
    </ClCompile>
    <ClCompile Include="KindAnton.cpp">
      <Filter>Source Files</Filter>
    </ClCompile>
    <ClCompile Include="IsomorphicStrings.cpp">
      <Filter>Source Files</Filter>
    </ClCompile>
    <ClCompile Include="IchihimeAndTriangle.cpp">
      <Filter>Source Files</Filter>
    </ClCompile>
    <ClCompile Include="Football.cpp">
      <Filter>Source Files</Filter>
    </ClCompile>
    <ClCompile Include="ChatRoom.cpp">
      <Filter>Source Files</Filter>
    </ClCompile>
    <ClCompile Include="Translation.cpp">
      <Filter>Source Files</Filter>
    </ClCompile>
    <ClCompile Include="AntonDanik.cpp">
      <Filter>Source Files</Filter>
    </ClCompile>
    <ClCompile Include="Dubstep.cpp">
      <Filter>Source Files</Filter>
    </ClCompile>
    <ClCompile Include="Word.cpp">
      <Filter>Source Files</Filter>
    </ClCompile>
    <ClCompile Include="KeyboardLayouts.cpp">
      <Filter>Source Files</Filter>
    </ClCompile>
    <ClCompile Include="Reposts.cpp">
      <Filter>Source Files</Filter>
    </ClCompile>
    <ClCompile Include="AntonAndPolyhedrons.cpp">
      <Filter>Source Files</Filter>
    </ClCompile>
    <ClCompile Include="ABlendOfSpringTime.cpp">
      <Filter>Source Files</Filter>
    </ClCompile>
    <ClCompile Include="MikeAndStrings.cpp">
      <Filter>Source Files</Filter>
    </ClCompile>
    <ClCompile Include="Pangram.cpp">
      <Filter>Source Files</Filter>
    </ClCompile>
    <ClCompile Include="A+B.cpp">
      <Filter>Source Files</Filter>
    </ClCompile>
    <ClCompile Include="Square.cpp">
      <Filter>Source Files</Filter>
    </ClCompile>
    <ClCompile Include="Skier.cpp">
      <Filter>Source Files</Filter>
    </ClCompile>
    <ClCompile Include="Password.cpp">
      <Filter>Source Files</Filter>
    </ClCompile>
    <ClCompile Include="CopyCopyCopyCopyCopy.cpp">
      <Filter>Source Files</Filter>
    </ClCompile>
    <ClCompile Include="MahmoundandATriangle.cpp">
      <Filter>Source Files</Filter>
    </ClCompile>
    <ClCompile Include="TelephoneNumber.cpp">
      <Filter>Source Files</Filter>
    </ClCompile>
    <ClCompile Include="Joysticks.cpp">
      <Filter>Source Files</Filter>
    </ClCompile>
    <ClCompile Include="I_Love_username.cpp">
      <Filter>Source Files</Filter>
    </ClCompile>
    <ClCompile Include="MagnetMishap.cpp">
      <Filter>Source Files</Filter>
    </ClCompile>
    <ClCompile Include="KeanuReeves.cpp">
      <Filter>Source Files</Filter>
    </ClCompile>
    <ClCompile Include="PetrandCombinationLock.cpp">
      <Filter>Source Files</Filter>
    </ClCompile>
    <ClCompile Include="RaisingBacteria.cpp">
      <Filter>Source Files</Filter>
    </ClCompile>
    <ClCompile Include="MarinaAndVasya.cpp">
      <Filter>Source Files</Filter>
    </ClCompile>
    <ClCompile Include="SongCompression.cpp">
      <Filter>Source Files</Filter>
    </ClCompile>
    <ClCompile Include="MrKitayutaColorfulGraph.cpp">
      <Filter>Source Files</Filter>
    </ClCompile>
    <ClCompile Include="TwoSubstrings.cpp">
      <Filter>Source Files</Filter>
    </ClCompile>
    <ClCompile Include="MrKitayutaColorfulGraph2.cpp">
      <Filter>Source Files</Filter>
    </ClCompile>
    <ClCompile Include="SameParitySummands.cpp">
      <Filter>Source Files</Filter>
    </ClCompile>
    <ClCompile Include="KthNotDivisiblebyN.cpp">
      <Filter>Source Files</Filter>
    </ClCompile>
    <ClCompile Include="SpecialElements.cpp">
      <Filter>Source Files</Filter>
    </ClCompile>
    <ClCompile Include="DreamoonAndWifi.cpp">
      <Filter>Source Files</Filter>
    </ClCompile>
    <ClCompile Include="TavasAndSaddas.cpp">
      <Filter>Source Files</Filter>
    </ClCompile>
    <ClCompile Include="QueueAtSchool.cpp">
      <Filter>Source Files</Filter>
    </ClCompile>
    <ClCompile Include="InsomniaCure.cpp">
      <Filter>Source Files</Filter>
    </ClCompile>
    <ClCompile Include="Red-GreenTowers.cpp">
      <Filter>Source Files</Filter>
    </ClCompile>
    <ClCompile Include="CounterAttack.cpp">
      <Filter>Source Files</Filter>
    </ClCompile>
    <ClCompile Include="OracAndFactors.cpp">
      <Filter>Source Files</Filter>
    </ClCompile>
    <ClCompile Include="Magnets.cpp">
      <Filter>Source Files</Filter>
    </ClCompile>
    <ClCompile Include="InfiniteSequnce.cpp">
      <Filter>Source Files</Filter>
    </ClCompile>
    <ClCompile Include="GameWithTelephoneNumbers.cpp">
      <Filter>Source Files</Filter>
    </ClCompile>
    <ClCompile Include="Vessels.cpp">
      <Filter>Source Files</Filter>
    </ClCompile>
    <ClCompile Include="Vessels2.cpp">
      <Filter>Source Files</Filter>
    </ClCompile>
    <ClCompile Include="AlternatingSubsequence.cpp">
      <Filter>Source Files</Filter>
    </ClCompile>
    <ClCompile Include="Passwords.cpp">
      <Filter>Source Files</Filter>
    </ClCompile>
    <ClCompile Include="EquivalentStrings.cpp">
      <Filter>Source Files</Filter>
    </ClCompile>
    <ClCompile Include="MaximumIncrease.cpp">
      <Filter>Source Files</Filter>
    </ClCompile>
    <ClCompile Include="Vacations.cpp">
      <Filter>Source Files</Filter>
    </ClCompile>
    <ClCompile Include="EvenSubSetProblem.cpp">
      <Filter>Source Files</Filter>
    </ClCompile>
    <ClCompile Include="AmrAndMusic.cpp">
      <Filter>Source Files</Filter>
    </ClCompile>
    <ClCompile Include="MostUnstableArray.cpp">
      <Filter>Source Files</Filter>
    </ClCompile>
    <ClCompile Include="TwoArraysAndSwaps.cpp">
      <Filter>Source Files</Filter>
    </ClCompile>
    <ClCompile Include="BoardMoves.cpp">
      <Filter>Source Files</Filter>
    </ClCompile>
    <ClCompile Include="ConstructingArray.cpp">
      <Filter>Source Files</Filter>
    </ClCompile>
    <ClCompile Include="K-periodicGarland.cpp">
      <Filter>Source Files</Filter>
    </ClCompile>
    <ClCompile Include="VanyaAndLanterns.cpp">
      <Filter>Source Files</Filter>
    </ClCompile>
    <ClCompile Include="IsItRated2.cpp">
      <Filter>Source Files</Filter>
    </ClCompile>
    <ClCompile Include="BigSegment.cpp">
      <Filter>Source Files</Filter>
    </ClCompile>
    <ClCompile Include="Worms.cpp">
      <Filter>Source Files</Filter>
    </ClCompile>
    <ClCompile Include="TurnTheRectangles.cpp">
      <Filter>Source Files</Filter>
    </ClCompile>
    <ClCompile Include="AlexAndARhombus.cpp">
      <Filter>Source Files</Filter>
    </ClCompile>
    <ClCompile Include="TheNumberOfProducts.cpp">
      <Filter>Source Files</Filter>
    </ClCompile>
    <ClCompile Include="Flowers.cpp">
      <Filter>Source Files</Filter>
    </ClCompile>
    <ClCompile Include="OlesyaAndRodion.cpp">
      <Filter>Source Files</Filter>
    </ClCompile>
    <ClCompile Include="PetyaAndStaircases.cpp">
      <Filter>Source Files</Filter>
    </ClCompile>
    <ClCompile Include="QueriesAboutLessOrEqualElements.cpp">
      <Filter>Source Files</Filter>
    </ClCompile>
    <ClCompile Include="TheChildAndHomework.cpp">
      <Filter>Source Files</Filter>
    </ClCompile>
    <ClCompile Include="SequenceWithDigits.cpp">
      <Filter>Source Files</Filter>
    </ClCompile>
    <ClCompile Include="T-Primes.cpp">
      <Filter>Source Files</Filter>
    </ClCompile>
    <ClCompile Include="TwoTeamComposing.cpp">
      <Filter>Source Files</Filter>
    </ClCompile>
    <ClCompile Include="RemoveOneElements.cpp">
      <Filter>Source Files</Filter>
    </ClCompile>
    <ClCompile Include="GettingAnA.cpp">
      <Filter>Source Files</Filter>
    </ClCompile>
    <ClCompile Include="Trace.cpp">
      <Filter>Source Files</Filter>
    </ClCompile>
    <ClCompile Include="OracAndModels.cpp">
      <Filter>Source Files</Filter>
    </ClCompile>
    <ClCompile Include="YoungExplorers.cpp">
      <Filter>Source Files</Filter>
    </ClCompile>
    <ClCompile Include="FromHeroToZero.cpp">
      <Filter>Source Files</Filter>
    </ClCompile>
    <ClCompile Include="AntonAndDigits.cpp">
      <Filter>Source Files</Filter>
    </ClCompile>
    <ClCompile Include="PerfectNumber.cpp">
      <Filter>Source Files</Filter>
    </ClCompile>
    <ClCompile Include="FrogJumps.cpp">
      <Filter>Source Files</Filter>
    </ClCompile>
    <ClCompile Include="ErasingZeros.cpp">
      <Filter>Source Files</Filter>
    </ClCompile>
    <ClCompile Include="FileName.cpp">
      <Filter>Source Files</Filter>
    </ClCompile>
    <ClCompile Include="Multiset.cpp">
      <Filter>Source Files</Filter>
    </ClCompile>
    <ClCompile Include="NearlyLuckyNumber2.cpp">
      <Filter>Source Files</Filter>
    </ClCompile>
    <ClCompile Include="Queue.cpp">
      <Filter>Source Files</Filter>
    </ClCompile>
    <ClCompile Include="PlusMinus.cpp">
      <Filter>Source Files</Filter>
    </ClCompile>
    <ClCompile Include="TimesDivide.cpp">
      <Filter>Source Files</Filter>
    </ClCompile>
    <ClCompile Include="IWalkALonelyRoad.cpp">
      <Filter>Source Files</Filter>
    </ClCompile>
    <ClCompile Include="howdidigethere.cpp">
      <Filter>Source Files</Filter>
    </ClCompile>
    <ClCompile Include="OdiousTask.cpp">
      <Filter>Source Files</Filter>
    </ClCompile>
    <ClCompile Include="NumberOfWays.cpp">
      <Filter>Source Files</Filter>
    </ClCompile>
    <ClCompile Include="Equalize.cpp">
      <Filter>Source Files</Filter>
    </ClCompile>
    <ClCompile Include="CormenTheBestFriendOfAMan.cpp">
      <Filter>Source Files</Filter>
    </ClCompile>
    <ClCompile Include="NextTest.cpp">
      <Filter>Source Files</Filter>
    </ClCompile>
    <ClCompile Include="IQTest.cpp">
      <Filter>Source Files</Filter>
    </ClCompile>
    <ClCompile Include="Queue2.cpp">
      <Filter>Source Files</Filter>
    </ClCompile>
    <ClCompile Include="FillingShapes.cpp">
      <Filter>Source Files</Filter>
    </ClCompile>
    <ClCompile Include="Dijkstra.cpp">
      <Filter>Source Files</Filter>
    </ClCompile>
    <ClCompile Include="DreamoonLikesPermutations.cpp">
      <Filter>Source Files</Filter>
    </ClCompile>
    <ClCompile Include="AdjacentReplacements.cpp">
      <Filter>Source Files</Filter>
    </ClCompile>
    <ClCompile Include="GregsWorkout.cpp">
      <Filter>Source Files</Filter>
    </ClCompile>
    <ClCompile Include="WetSharkOddAndEven.cpp">
      <Filter>Source Files</Filter>
    </ClCompile>
    <ClCompile Include="XeniaAndRingroad.cpp">
      <Filter>Source Files</Filter>
    </ClCompile>
    <ClCompile Include="Buttons.cpp">
      <Filter>Source Files</Filter>
    </ClCompile>
    <ClCompile Include="Sanatorium.cpp">
      <Filter>Source Files</Filter>
    </ClCompile>
    <ClCompile Include="QualificationRounds.cpp">
      <Filter>Source Files</Filter>
    </ClCompile>
    <ClCompile Include="LongestUncommonSubsequence.cpp">
      <Filter>Source Files</Filter>
    </ClCompile>
    <ClCompile Include="GameOfCreditCards.cpp">
      <Filter>Source Files</Filter>
    </ClCompile>
    <ClCompile Include="ShortesPathOftheKing.cpp">
      <Filter>Source Files</Filter>
    </ClCompile>
    <ClCompile Include="CheapTravel.cpp">
      <Filter>Source Files</Filter>
    </ClCompile>
    <ClCompile Include="SortedAdjacentDifferences.cpp">
      <Filter>Source Files</Filter>
    </ClCompile>
    <ClCompile Include="EdgyTrees.cpp">
      <Filter>Source Files</Filter>
    </ClCompile>
    <ClCompile Include="Elephant.cpp">
      <Filter>Source Files</Filter>
    </ClCompile>
    <ClCompile Include="FoxAndSnake.cpp">
      <Filter>Source Files</Filter>
    </ClCompile>
    <ClCompile Include="LLyaAndBankAcc.cpp">
      <Filter>Source Files</Filter>
    </ClCompile>
    <ClCompile Include="GravityFlip.cpp">
      <Filter>Source Files</Filter>
    </ClCompile>
    <ClCompile Include="KefaAndPark.cpp">
      <Filter>Source Files</Filter>
    </ClCompile>
    <ClCompile Include="PashmakAndGarden.cpp">
      <Filter>Source Files</Filter>
    </ClCompile>
    <ClCompile Include="Maze.cpp">
      <Filter>Source Files</Filter>
    </ClCompile>
    <ClCompile Include="MishkaAndGame.cpp">
      <Filter>Source Files</Filter>
    </ClCompile>
    <ClCompile Include="KuriyamaMiraisStones.cpp">
      <Filter>Source Files</Filter>
    </ClCompile>
    <ClCompile Include="GameWithArray.cpp">
      <Filter>Source Files</Filter>
    </ClCompile>
    <ClCompile Include="NewYearAndOldProperty.cpp">
      <Filter>Source Files</Filter>
    </ClCompile>
    <ClCompile Include="ChipsMoving.cpp">
      <Filter>Source Files</Filter>
    </ClCompile>
    <ClCompile Include="CavePainting.cpp">
      <Filter>Source Files</Filter>
    </ClCompile>
    <ClCompile Include="ChristmasSpruce.cpp">
      <Filter>Source Files</Filter>
    </ClCompile>
    <ClCompile Include="MikeAndShortcuts.cpp">
      <Filter>Source Files</Filter>
    </ClCompile>
    <ClCompile Include="NewYearTransportation.cpp">
      <Filter>Source Files</Filter>
    </ClCompile>
    <ClCompile Include="QAQ.cpp">
      <Filter>Source Files</Filter>
    </ClCompile>
    <ClCompile Include="DivisiblityBy8.cpp">
      <Filter>Source Files</Filter>
    </ClCompile>
    <ClCompile Include="KolyaAndTanya.cpp">
      <Filter>Source Files</Filter>
    </ClCompile>
    <ClCompile Include="SortTheArray.cpp">
      <Filter>Source Files</Filter>
    </ClCompile>
    <ClCompile Include="Borze.cpp">
      <Filter>Source Files</Filter>
    </ClCompile>
    <ClCompile Include="SuffixThree.cpp">
      <Filter>Source Files</Filter>
    </ClCompile>
    <ClCompile Include="Woodcutters.cpp">
      <Filter>Source Files</Filter>
    </ClCompile>
    <ClCompile Include="LovelyPalindromes.cpp">
      <Filter>Source Files</Filter>
    </ClCompile>
    <ClCompile Include="YetAnotherBrokenKeyboard.cpp">
      <Filter>Source Files</Filter>
    </ClCompile>
    <ClCompile Include="HonestCoach.cpp">
      <Filter>Source Files</Filter>
    </ClCompile>
    <ClCompile Include="SecretPasswords.cpp">
      <Filter>Source Files</Filter>
    </ClCompile>
    <ClCompile Include="ParkLighting.cpp">
      <Filter>Source Files</Filter>
    </ClCompile>
    <ClCompile Include="MariaBreaksSelfIsolation.cpp">
      <Filter>Source Files</Filter>
    </ClCompile>
    <ClCompile Include="CelexUpdate.cpp">
      <Filter>Source Files</Filter>
    </ClCompile>
    <ClCompile Include="ObtainTheString.cpp">
      <Filter>Source Files</Filter>
    </ClCompile>
    <ClCompile Include="TheBestVacation.cpp">
      <Filter>Source Files</Filter>
    </ClCompile>
    <ClCompile Include="Watchmen.cpp">
      <Filter>Source Files</Filter>
    </ClCompile>
    <ClCompile Include="PerfectKeyboard.cpp">
      <Filter>Source Files</Filter>
    </ClCompile>
    <ClCompile Include="Factory.cpp">
      <Filter>Source Files</Filter>
    </ClCompile>
    <ClCompile Include="Taxi.cpp">
      <Filter>Source Files</Filter>
    </ClCompile>
    <ClCompile Include="PairOfTopics.cpp">
      <Filter>Source Files</Filter>
    </ClCompile>
    <ClCompile Include="Tram.cpp">
      <Filter>Source Files</Filter>
    </ClCompile>
    <ClCompile Include="HackerPackYourBags.cpp">
      <Filter>Source Files</Filter>
    </ClCompile>
    <ClCompile Include="HackerPackYourBags2.cpp">
      <Filter>Source Files</Filter>
    </ClCompile>
    <ClCompile Include="Presents.cpp">
      <Filter>Source Files</Filter>
    </ClCompile>
    <ClCompile Include="BersuBall.cpp">
      <Filter>Source Files</Filter>
    </ClCompile>
    <ClCompile Include="BerlandPoker.cpp">
      <Filter>Source Files</Filter>
    </ClCompile>
    <ClCompile Include="NewTheatreSquare.cpp">
      <Filter>Source Files</Filter>
    </ClCompile>
    <ClCompile Include="YetAnotherYetAnotherTask.cpp">
      <Filter>Source Files</Filter>
    </ClCompile>
    <ClCompile Include="NewYearAndHurry.cpp">
      <Filter>Source Files</Filter>
    </ClCompile>
    <ClCompile Include="VasyaAndSocks.cpp">
      <Filter>Source Files</Filter>
    </ClCompile>
    <ClCompile Include="FixedPoints.cpp">
      <Filter>Source Files</Filter>
    </ClCompile>
    <ClCompile Include="SerejaAndDima.cpp">
      <Filter>Source Files</Filter>
    </ClCompile>
    <ClCompile Include="FunkyNumbers.cpp">
      <Filter>Source Files</Filter>
    </ClCompile>
    <ClCompile Include="Books.cpp">
      <Filter>Source Files</Filter>
    </ClCompile>
    <ClCompile Include="AmusingJoke.cpp">
      <Filter>Source Files</Filter>
    </ClCompile>
    <ClCompile Include="Polygon.cpp">
      <Filter>Source Files</Filter>
    </ClCompile>
    <ClCompile Include="GeraldsHexagon.cpp">
      <Filter>Source Files</Filter>
    </ClCompile>
    <ClCompile Include="MultiplicationTable.cpp">
      <Filter>Source Files</Filter>
    </ClCompile>
    <ClCompile Include="TwoGram.cpp">
      <Filter>Source Files</Filter>
    </ClCompile>
    <ClCompile Include="TheSmallestStringContenation.cpp">
      <Filter>Source Files</Filter>
    </ClCompile>
    <ClCompile Include="Bit++.cpp">
      <Filter>Source Files</Filter>
    </ClCompile>
    <ClCompile Include="TrebleCross.cpp">
      <Filter>Source Files</Filter>
    </ClCompile>
    <ClCompile Include="Abacabadaba---.cpp">
      <Filter>Source Files</Filter>
    </ClCompile>
    <ClCompile Include="TrebleCross2.cpp">
      <Filter>Source Files</Filter>
    </ClCompile>
    <ClCompile Include="Shoot!.cpp">
      <Filter>Source Files</Filter>
    </ClCompile>
    <ClCompile Include="RoadRuckus.cpp">
      <Filter>Source Files</Filter>
    </ClCompile>
    <ClCompile Include="AlarmClock.cpp">
      <Filter>Source Files</Filter>
    </ClCompile>
    <ClCompile Include="IWonderWhereTheWaterWent.cpp">
      <Filter>Source Files</Filter>
    </ClCompile>
    <ClCompile Include="DZYLovesChessboard.cpp">
      <Filter>Source Files</Filter>
    </ClCompile>
    <ClCompile Include="ThreeDisplays.cpp">
      <Filter>Source Files</Filter>
    </ClCompile>
    <ClCompile Include="OddSelection.cpp">
      <Filter>Source Files</Filter>
    </ClCompile>
    <ClCompile Include="SubsequenceHate.cpp">
      <Filter>Source Files</Filter>
    </ClCompile>
    <ClCompile Include="GameOnLeaves.cpp">
      <Filter>Source Files</Filter>
    </ClCompile>
    <ClCompile Include="BalancedArray.cpp">
      <Filter>Source Files</Filter>
    </ClCompile>
    <ClCompile Include="Blocks.cpp">
      <Filter>Source Files</Filter>
    </ClCompile>
    <ClCompile Include="PrincessesAndPrinces.cpp">
      <Filter>Source Files</Filter>
    </ClCompile>
    <ClCompile Include="SuperheroTransformation.cpp">
      <Filter>Source Files</Filter>
    </ClCompile>
    <ClCompile Include="BrokenKeyboard.cpp">
      <Filter>Source Files</Filter>
    </ClCompile>
    <ClCompile Include="ChloeAndTheSequence.cpp">
      <Filter>Source Files</Filter>
    </ClCompile>
    <ClCompile Include="MakeGood.cpp">
      <Filter>Source Files</Filter>
    </ClCompile>
    <ClCompile Include="PolandBallAndForest.cpp">
      <Filter>Source Files</Filter>
    </ClCompile>
    <ClCompile Include="ProtectSheep.cpp">
      <Filter>Source Files</Filter>
    </ClCompile>
    <ClCompile Include="ChewbaccaAndNumber.cpp">
      <Filter>Source Files</Filter>
    </ClCompile>
    <ClCompile Include="CollectingPackages.cpp">
      <Filter>Source Files</Filter>
    </ClCompile>
    <ClCompile Include="FindTheBone.cpp">
      <Filter>Source Files</Filter>
    </ClCompile>
    <ClCompile Include="ApproximatingAContstantRange.cpp">
      <Filter>Source Files</Filter>
    </ClCompile>
    <ClCompile Include="LoseIt!.cpp">
      <Filter>Source Files</Filter>
    </ClCompile>
    <ClCompile Include="JustEatIt.cpp">
      <Filter>Source Files</Filter>
    </ClCompile>
    <ClCompile Include="Bits.cpp">
      <Filter>Source Files</Filter>
    </ClCompile>
    <ClCompile Include="PreparingOlypmia.cpp">
      <Filter>Source Files</Filter>
    </ClCompile>
    <ClCompile Include="Rewards.cpp">
      <Filter>Source Files</Filter>
    </ClCompile>
    <ClCompile Include="LettersRearranging.cpp">
      <Filter>Source Files</Filter>
    </ClCompile>
    <ClCompile Include="CaisaAndPylons.cpp">
      <Filter>Source Files</Filter>
    </ClCompile>
    <ClCompile Include="LostNumbers.cpp">
      <Filter>Source Files</Filter>
    </ClCompile>
    <ClCompile Include="ConstantPalindromeSum.cpp">
      <Filter>Source Files</Filter>
    </ClCompile>
    <ClCompile Include="SashaAndHisTrip.cpp">
      <Filter>Source Files</Filter>
    </ClCompile>
    <ClCompile Include="DiverseGarland.cpp">
      <Filter>Source Files</Filter>
    </ClCompile>
    <ClCompile Include="ColoringATree.cpp">
      <Filter>Source Files</Filter>
    </ClCompile>
    <ClCompile Include="HolidayOfEquality.cpp">
      <Filter>Source Files</Filter>
    </ClCompile>
    <ClCompile Include="AddOddorSubtractEven.cpp">
      <Filter>Source Files</Filter>
    </ClCompile>
    <ClCompile Include="YetAnotherPalindromeProblem.cpp">
      <Filter>Source Files</Filter>
    </ClCompile>
    <ClCompile Include="DeleteFromLeft.cpp">
      <Filter>Source Files</Filter>
    </ClCompile>
    <ClCompile Include="BuyingShovels.cpp">
      <Filter>Source Files</Filter>
    </ClCompile>
    <ClCompile Include="Party.cpp">
      <Filter>Source Files</Filter>
    </ClCompile>
    <ClCompile Include="RadioStation.cpp">
      <Filter>Source Files</Filter>
    </ClCompile>
    <ClCompile Include="BooksExchange.cpp">
      <Filter>Source Files</Filter>
    </ClCompile>
    <ClCompile Include="DividingTheNumbers.cpp">
      <Filter>Source Files</Filter>
    </ClCompile>
    <ClCompile Include="JohnnyAndAncientComputer.cpp">
      <Filter>Source Files</Filter>
    </ClCompile>
    <ClCompile Include="JohnnyAndHisHobbies.cpp">
      <Filter>Source Files</Filter>
    </ClCompile>
    <ClCompile Include="JonnyAndAnotherRatingDrop.cpp">
      <Filter>Source Files</Filter>
    </ClCompile>
    <ClCompile Include="SillyMistake.cpp">
      <Filter>Source Files</Filter>
    </ClCompile>
    <ClCompile Include="FafaAndHisCompany.cpp">
      <Filter>Source Files</Filter>
    </ClCompile>
    <ClCompile Include="RemoveDuplicates.cpp">
      <Filter>Source Files</Filter>
    </ClCompile>
    <ClCompile Include="CreatingTheContest.cpp">
      <Filter>Source Files</Filter>
    </ClCompile>
    <ClCompile Include="BookReading.cpp">
      <Filter>Source Files</Filter>
    </ClCompile>
    <ClCompile Include="HansSoloAndLazerGun.cpp">
      <Filter>Source Files</Filter>
    </ClCompile>
    <ClCompile Include="NewsDistribution.cpp">
      <Filter>Source Files</Filter>
    </ClCompile>
    <ClCompile Include="Drinks.cpp">
      <Filter>Source Files</Filter>
    </ClCompile>
    <ClCompile Include="Bakery.cpp">
      <Filter>Source Files</Filter>
    </ClCompile>
    <ClCompile Include="CalculatingFunction.cpp">
      <Filter>Source Files</Filter>
    </ClCompile>
    <ClCompile Include="KthBeautifulString.cpp">
      <Filter>Source Files</Filter>
    </ClCompile>
    <ClCompile Include="BlockAdventure.cpp">
      <Filter>Source Files</Filter>
    </ClCompile>
    <ClCompile Include="TernaryString.cpp">
      <Filter>Source Files</Filter>
    </ClCompile>
    <ClCompile Include="BearAndFriendshipCondition.cpp">
      <Filter>Source Files</Filter>
    </ClCompile>
    <ClCompile Include="PashmakAndFlowers.cpp">
      <Filter>Source Files</Filter>
    </ClCompile>
    <ClCompile Include="BearAndDifferentNames.cpp">
      <Filter>Source Files</Filter>
    </ClCompile>
    <ClCompile Include="MatrixGame.cpp">
      <Filter>Source Files</Filter>
    </ClCompile>
    <ClCompile Include="TroubleSort.cpp">
      <Filter>Source Files</Filter>
    </ClCompile>
    <ClCompile Include="RotationMatching.cpp">
      <Filter>Source Files</Filter>
    </ClCompile>
    <ClCompile Include="MaximumSubsequenceValue.cpp">
      <Filter>Source Files</Filter>
    </ClCompile>
    <ClCompile Include="SolveTheMaze.cpp">
      <Filter>Source Files</Filter>
    </ClCompile>
    <ClCompile Include="DistinctDigits.cpp">
      <Filter>Source Files</Filter>
    </ClCompile>
    <ClCompile Include="CircleOfStudents.cpp">
      <Filter>Source Files</Filter>
    </ClCompile>
    <ClCompile Include="TheDoors.cpp">
      <Filter>Source Files</Filter>
    </ClCompile>
    <ClCompile Include="PhoneCode.cpp">
      <Filter>Source Files</Filter>
    </ClCompile>
    <ClCompile Include="Swords.cpp">
      <Filter>Source Files</Filter>
    </ClCompile>
    <ClCompile Include="ITRestaurants.cpp">
      <Filter>Source Files</Filter>
    </ClCompile>
    <ClCompile Include="EhabAndGCD.cpp">
      <Filter>Source Files</Filter>
    </ClCompile>
    <ClCompile Include="TernaryXor.cpp">
      <Filter>Source Files</Filter>
    </ClCompile>
    <ClCompile Include="BogoSort.cpp">
      <Filter>Source Files</Filter>
    </ClCompile>
    <ClCompile Include="AntiDerivative.cpp">
      <Filter>Source Files</Filter>
    </ClCompile>
    <ClCompile Include="Cards.cpp">
      <Filter>Source Files</Filter>
    </ClCompile>
    <ClCompile Include="Exam.cpp">
      <Filter>Source Files</Filter>
    </ClCompile>
    <ClCompile Include="IWannaBeTheGuy.cpp">
      <Filter>Source Files</Filter>
    </ClCompile>
    <ClCompile Include="game.cpp">
      <Filter>Source Files</Filter>
    </ClCompile>
    <ClCompile Include="HexadecimalsNumbers.cpp">
      <Filter>Source Files</Filter>
    </ClCompile>
    <ClCompile Include="Shooting.cpp">
      <Filter>Source Files</Filter>
    </ClCompile>
    <ClCompile Include="LearningLanguages.cpp">
      <Filter>Source Files</Filter>
    </ClCompile>
    <ClCompile Include="ProfessorGukiZRobot.cpp">
      <Filter>Source Files</Filter>
    </ClCompile>
    <ClCompile Include="ShovelsAndSwords.cpp">
      <Filter>Source Files</Filter>
    </ClCompile>
    <ClCompile Include="Shuffle.cpp">
      <Filter>Source Files</Filter>
    </ClCompile>
    <ClCompile Include="LittleArtem.cpp">
      <Filter>Source Files</Filter>
    </ClCompile>
    <ClCompile Include="MaximumSquare.cpp">
      <Filter>Source Files</Filter>
    </ClCompile>
    <ClCompile Include="GCDArray.cpp">
      <Filter>Source Files</Filter>
    </ClCompile>
    <ClCompile Include="VasyaAndTheHipster.cpp">
      <Filter>Source Files</Filter>
    </ClCompile>
    <ClCompile Include="YetAnotherTetrisProblem.cpp">
      <Filter>Source Files</Filter>
    </ClCompile>
    <ClCompile Include="Spreadsheets.cpp">
      <Filter>Source Files</Filter>
    </ClCompile>
    <ClCompile Include="ArithmeticProgression.cpp">
      <Filter>Source Files</Filter>
    </ClCompile>
    <ClCompile Include="XXXXX.cpp">
      <Filter>Source Files</Filter>
    </ClCompile>
    <ClCompile Include="EvenSubstrings.cpp">
      <Filter>Source Files</Filter>
    </ClCompile>
    <ClCompile Include="YoungPhysicist.cpp">
      <Filter>Source Files</Filter>
    </ClCompile>
    <ClCompile Include="MostSociallyDistancedSubsequence.cpp">
      <Filter>Source Files</Filter>
    </ClCompile>
    <ClCompile Include="DevuTheDumbGuy.cpp">
      <Filter>Source Files</Filter>
    </ClCompile>
    <ClCompile Include="BasketballExercise.cpp">
      <Filter>Source Files</Filter>
    </ClCompile>
    <ClCompile Include="BeautySense.cpp">
      <Filter>Source Files</Filter>
    </ClCompile>
    <ClCompile Include="Badge.cpp">
      <Filter>Source Files</Filter>
    </ClCompile>
    <ClCompile Include="IQTest%28287%29.cpp">
      <Filter>Source Files</Filter>
    </ClCompile>
    <ClCompile Include="ShortSubstrings.cpp">
      <Filter>Source Files</Filter>
    </ClCompile>
    <ClCompile Include="SocialDistance.cpp">
      <Filter>Source Files</Filter>
    </ClCompile>
    <ClCompile Include="BachgoldProblem.cpp">
      <Filter>Source Files</Filter>
    </ClCompile>
    <ClCompile Include="VityaIntheCountrySide.cpp">
      <Filter>Source Files</Filter>
    </ClCompile>
    <ClCompile Include="TwoCakes.cpp">
      <Filter>Source Files</Filter>
    </ClCompile>
    <ClCompile Include="2048.cpp">
      <Filter>Source Files</Filter>
    </ClCompile>
    <ClCompile Include="C+=.cpp">
      <Filter>Source Files</Filter>
    </ClCompile>
    <ClCompile Include="CodeforcesSubsequences.cpp">
      <Filter>Source Files</Filter>
    </ClCompile>
    <ClCompile Include="IsYourHorseShoeOntheOtherHoof.cpp">
      <Filter>Source Files</Filter>
    </ClCompile>
    <ClCompile Include="FancyFence.cpp">
      <Filter>Source Files</Filter>
    </ClCompile>
    <ClCompile Include="MaximumGCD.cpp">
      <Filter>Source Files</Filter>
    </ClCompile>
    <ClCompile Include="GCDCompression.cpp">
      <Filter>Source Files</Filter>
    </ClCompile>
    <ClCompile Include="NumberGame.cpp">
      <Filter>Source Files</Filter>
    </ClCompile>
    <ClCompile Include="StonesOnTheTable.cpp">
      <Filter>Source Files</Filter>
    </ClCompile>
    <ClCompile Include="ArpasHardExamandMehrdadsnaiveCheat.cpp">
      <Filter>Source Files</Filter>
    </ClCompile>
    <ClCompile Include="DreamoonAndRankingCollection.cpp">
      <Filter>Source Files</Filter>
    </ClCompile>
    <ClCompile Include="LoveTriangle.cpp">
      <Filter>Source Files</Filter>
    </ClCompile>
    <ClCompile Include="TShirtBuying.cpp">
      <Filter>Source Files</Filter>
    </ClCompile>
    <ClCompile Include="ArrivalOfTheGeneral.cpp">
      <Filter>Source Files</Filter>
    </ClCompile>
    <ClCompile Include="MaximumInTable.cpp">
      <Filter>Source Files</Filter>
    </ClCompile>
    <ClCompile Include="FindMarble.cpp">
      <Filter>Source Files</Filter>
    </ClCompile>
    <ClCompile Include="FoxAndTwoDots.cpp">
      <Filter>Source Files</Filter>
    </ClCompile>
    <ClCompile Include="CakeMinator.cpp">
      <Filter>Source Files</Filter>
    </ClCompile>
    <ClCompile Include="ValeraAndX.cpp">
      <Filter>Source Files</Filter>
    </ClCompile>
    <ClCompile Include="FashionabLee.cpp">
      <Filter>Source Files</Filter>
    </ClCompile>
    <ClCompile Include="GreedyProblem.cpp">
      <Filter>Source Files</Filter>
    </ClCompile>
    <ClCompile Include="DPProblem.cpp">
      <Filter>Source Files</Filter>
    </ClCompile>
    <ClCompile Include="GraphsProblem.cpp">
      <Filter>Source Files</Filter>
    </ClCompile>
    <ClCompile Include="kString.cpp">
      <Filter>Source Files</Filter>
    </ClCompile>
    <ClCompile Include="ExercisingWalk.cpp">
      <Filter>Source Files</Filter>
    </ClCompile>
    <ClCompile Include="PlusFromPicture.cpp">
      <Filter>Source Files</Filter>
    </ClCompile>
    <ClCompile Include="RequiredRemainder.cpp">
      <Filter>Source Files</Filter>
    </ClCompile>
    <ClCompile Include="MultiplyBy2DivideBy6.cpp">
      <Filter>Source Files</Filter>
    </ClCompile>
    <ClCompile Include="MoveBrackets.cpp">
      <Filter>Source Files</Filter>
    </ClCompile>
    <ClCompile Include="ImageFrame.cpp">
      <Filter>Source Files</Filter>
    </ClCompile>
    <ClCompile Include="LongestMountain.cpp">
      <Filter>Source Files</Filter>
    </ClCompile>
    <ClCompile Include="ChoosingTeams.cpp">
      <Filter>Source Files</Filter>
    </ClCompile>
    <ClCompile Include="MagicalSticks.cpp">
      <Filter>Source Files</Filter>
    </ClCompile>
    <ClCompile Include="MagicalCalendar.cpp">
      <Filter>Source Files</Filter>
    </ClCompile>
    <ClCompile Include="MaximumSumOnEvenPositions.cpp">
      <Filter>Source Files</Filter>
    </ClCompile>
    <ClCompile Include="PolygonRover.cpp">
      <Filter>Source Files</Filter>
    </ClCompile>
    <ClCompile Include="PolygonRover2.cpp">
      <Filter>Source Files</Filter>
    </ClCompile>
    <ClCompile Include="PolycarpsPockets.cpp">
      <Filter>Source Files</Filter>
    </ClCompile>
    <ClCompile Include="DistancestoZero.cpp">
      <Filter>Source Files</Filter>
    </ClCompile>
    <ClCompile Include="NeighborhoodGrid.cpp">
      <Filter>Source Files</Filter>
    </ClCompile>
    <ClCompile Include="SignFlipping.cpp">
      <Filter>Source Files</Filter>
    </ClCompile>
    <ClCompile Include="ElementExtermination.cpp">
      <Filter>Source Files</Filter>
    </ClCompile>
    <ClCompile Include="AccurateLee.cpp">
      <Filter>Source Files</Filter>
    </ClCompile>
    <ClCompile Include="LectureSleep.cpp">
      <Filter>Source Files</Filter>
    </ClCompile>
    <ClCompile Include="Tetrahedron.cpp">
      <Filter>Source Files</Filter>
    </ClCompile>
    <ClCompile Include="IgorInTheMuseum.cpp">
      <Filter>Source Files</Filter>
    </ClCompile>
    <ClCompile Include="BeautifulMatrix.cpp">
      <Filter>Source Files</Filter>
    </ClCompile>
    <ClCompile Include="NewsAboutCredit.cpp">
      <Filter>Source Files</Filter>
    </ClCompile>
    <ClCompile Include="Cutting.cpp">
      <Filter>Source Files</Filter>
    </ClCompile>
    <ClCompile Include="ApplemanAndCardGame.cpp">
      <Filter>Source Files</Filter>
    </ClCompile>
    <ClCompile Include="FridgeLockers.cpp">
      <Filter>Source Files</Filter>
    </ClCompile>
    <ClCompile Include="ShawarmaTent.cpp">
      <Filter>Source Files</Filter>
    </ClCompile>
    <ClCompile Include="EmailFromPolycarp.cpp">
      <Filter>Source Files</Filter>
    </ClCompile>
    <ClCompile Include="ThreeDimensionalTurtleSuperComputer.cpp">
      <Filter>Source Files</Filter>
    </ClCompile>
    <ClCompile Include="CowAndFriend.cpp">
      <Filter>Source Files</Filter>
    </ClCompile>
    <ClCompile Include="AlyonaAndTheTree.cpp">
      <Filter>Source Files</Filter>
    </ClCompile>
    <ClCompile Include="CinemaLine.cpp">
      <Filter>Source Files</Filter>
    </ClCompile>
    <ClCompile Include="AlyonaAndTheTree2.cpp">
      <Filter>Source Files</Filter>
    </ClCompile>
    <ClCompile Include="AlyonaAndMex.cpp">
      <Filter>Source Files</Filter>
    </ClCompile>
    <ClCompile Include="PetyaAndExam.cpp">
      <Filter>Source Files</Filter>
    </ClCompile>
    <ClCompile Include="GrasshopperAndString.cpp">
      <Filter>Source Files</Filter>
    </ClCompile>
    <ClCompile Include="LunarNewYearAndAWander.cpp">
      <Filter>Source Files</Filter>
    </ClCompile>
    <ClCompile Include="CutEmAll.cpp">
      <Filter>Source Files</Filter>
    </ClCompile>
    <ClCompile Include="BadUglyNumbers.cpp">
      <Filter>Source Files</Filter>
    </ClCompile>
    <ClCompile Include="CodonDecoding.cpp">
      <Filter>Source Files</Filter>
    </ClCompile>
    <ClCompile Include="AddingPowers.cpp">
      <Filter>Source Files</Filter>
    </ClCompile>
    <ClCompile Include="SweetsEating.cpp">
      <Filter>Source Files</Filter>
    </ClCompile>
    <ClCompile Include="Maximums.cpp">
      <Filter>Source Files</Filter>
    </ClCompile>
    <ClCompile Include="OmkarAndCompletion.cpp">
      <Filter>Source Files</Filter>
    </ClCompile>
    <ClCompile Include="OmkarAndLastClassOfMath.cpp">
      <Filter>Source Files</Filter>
    </ClCompile>
    <ClCompile Include="OmkarAndBaseball.cpp">
      <Filter>Source Files</Filter>
    </ClCompile>
    <ClCompile Include="InSearchofanEasyProblem.cpp">
      <Filter>Source Files</Filter>
    </ClCompile>
    <ClCompile Include="FairGame.cpp">
      <Filter>Source Files</Filter>
    </ClCompile>
    <ClCompile Include="PolycarpAndLetters.cpp">
      <Filter>Source Files</Filter>
    </ClCompile>
    <ClCompile Include="Bus.cpp">
      <Filter>Source Files</Filter>
    </ClCompile>
    <ClCompile Include="PrintA1337String.cpp">
      <Filter>Source Files</Filter>
    </ClCompile>
    <ClCompile Include="LifeWithoutZeros.cpp">
      <Filter>Source Files</Filter>
    </ClCompile>
    <ClCompile Include="Draw.cpp">
      <Filter>Source Files</Filter>
    </ClCompile>
    <ClCompile Include="RoadContruction.cpp">
      <Filter>Source Files</Filter>
    </ClCompile>
    <ClCompile Include="ImBoredWithLife.cpp">
      <Filter>Source Files</Filter>
    </ClCompile>
    <ClCompile Include="ThreeIndicies.cpp">
      <Filter>Source Files</Filter>
    </ClCompile>
    <ClCompile Include="BalancedSubstring.cpp">
      <Filter>Source Files</Filter>
    </ClCompile>
    <ClCompile Include="Rumor.cpp">
      <Filter>Source Files</Filter>
    </ClCompile>
    <ClCompile Include="ThreePairwiseMaximums.cpp">
      <Filter>Source Files</Filter>
    </ClCompile>
    <ClCompile Include="RestoreThePermutationbyMerger.cpp">
      <Filter>Source Files</Filter>
    </ClCompile>
    <ClCompile Include="MakeItGood.cpp">
      <Filter>Source Files</Filter>
    </ClCompile>
    <ClCompile Include="MaximalContinuousRest.cpp">
      <Filter>Source Files</Filter>
    </ClCompile>
    <ClCompile Include="FillingTheGrid.cpp">
      <Filter>Source Files</Filter>
    </ClCompile>
    <ClCompile Include="DirectingEdges.cpp">
      <Filter>Source Files</Filter>
    </ClCompile>
    <ClCompile Include="ColorfulStones.cpp">
      <Filter>Source Files</Filter>
    </ClCompile>
    <ClCompile Include="a-GoodString.cpp">
      <Filter>Source Files</Filter>
    </ClCompile>
    <ClCompile Include="AntonAndLetters.cpp">
      <Filter>Source Files</Filter>
    </ClCompile>
    <ClCompile Include="VasyaAndChocolate.cpp">
      <Filter>Source Files</Filter>
    </ClCompile>
    <ClCompile Include="DetectiveBook.cpp">
      <Filter>Source Files</Filter>
    </ClCompile>
    <ClCompile Include="ConstanzesMachine.cpp">
      <Filter>Source Files</Filter>
    </ClCompile>
    <ClCompile Include="kTree.cpp">
      <Filter>Source Files</Filter>
    </ClCompile>
    <ClCompile Include="Elimination.cpp">
      <Filter>Source Files</Filter>
    </ClCompile>
    <ClCompile Include="VasyaAndString.cpp">
      <Filter>Source Files</Filter>
    </ClCompile>
    <ClCompile Include="RestrictedRPS.cpp">
      <Filter>Source Files</Filter>
    </ClCompile>
    <ClCompile Include="MinimumTriangulation.cpp">
      <Filter>Source Files</Filter>
    </ClCompile>
    <ClCompile Include="EpicGame.cpp">
      <Filter>Source Files</Filter>
    </ClCompile>
    <ClCompile Include="BuildingPermutation.cpp">
      <Filter>Source Files</Filter>
    </ClCompile>
    <ClCompile Include="Tablecity.cpp">
      <Filter>Source Files</Filter>
    </ClCompile>
    <ClCompile Include="IceSkating.cpp">
      <Filter>Source Files</Filter>
    </ClCompile>
    <ClCompile Include="VasyaAndIsolatedVertices.cpp">
      <Filter>Source Files</Filter>
    </ClCompile>
    <ClCompile Include="WizardsAndDemonstration.cpp">
      <Filter>Source Files</Filter>
    </ClCompile>
    <ClCompile Include="WizardsAndMinimalSpell.cpp">
      <Filter>Source Files</Filter>
    </ClCompile>
    <ClCompile Include="VasyaAndMultisets.cpp">
      <Filter>Source Files</Filter>
    </ClCompile>
    <ClCompile Include="VasyaAndPassword.cpp">
      <Filter>Source Files</Filter>
    </ClCompile>
    <ClCompile Include="RelativelyPrimePairs.cpp">
      <Filter>Source Files</Filter>
    </ClCompile>
    <ClCompile Include="CommonPrefixes.cpp">
      <Filter>Source Files</Filter>
    </ClCompile>
    <ClCompile Include="KoaAndTheBeach.cpp">
      <Filter>Source Files</Filter>
    </ClCompile>
    <ClCompile Include="StringTransformation1.cpp">
      <Filter>Source Files</Filter>
    </ClCompile>
    <ClCompile Include="CommonDivisors.cpp">
      <Filter>Source Files</Filter>
    </ClCompile>
    <ClCompile Include="DashaAndStairs.cpp">
      <Filter>Source Files</Filter>
    </ClCompile>
    <ClCompile Include="DivideByThreeMultiplyByTwo.cpp">
      <Filter>Source Files</Filter>
    </ClCompile>
    <ClCompile Include="VanyaAndCards.cpp">
      <Filter>Source Files</Filter>
    </ClCompile>
    <ClCompile Include="CyclicComponents.cpp">
      <Filter>Source Files</Filter>
    </ClCompile>
    <ClCompile Include="Holidays.cpp">
      <Filter>Source Files</Filter>
    </ClCompile>
    <ClCompile Include="CandyBags.cpp">
      <Filter>Source Files</Filter>
    </ClCompile>
    <ClCompile Include="CrazyComputer.cpp">
      <Filter>Source Files</Filter>
    </ClCompile>
    <ClCompile Include="SumInTree.cpp">
      <Filter>Source Files</Filter>
    </ClCompile>
    <ClCompile Include="GotAnyGrapes.cpp">
      <Filter>Source Files</Filter>
    </ClCompile>
    <ClCompile Include="VanyaAndTable.cpp">
      <Filter>Source Files</Filter>
    </ClCompile>
    <ClCompile Include="SequentialNim.cpp">
      <Filter>Source Files</Filter>
    </ClCompile>
    <ClCompile Include="LCMProblem.cpp">
      <Filter>Source Files</Filter>
    </ClCompile>
    <ClCompile Include="ArrayWalk.cpp">
      <Filter>Source Files</Filter>
    </ClCompile>
    <ClCompile Include="GoodString.cpp">
      <Filter>Source Files</Filter>
    </ClCompile>
    <ClCompile Include="CaptainFlintAndCrewRecruitment.cpp">
      <Filter>Source Files</Filter>
    </ClCompile>
    <ClCompile Include="CaptainFlintAndALongVoyage.cpp">
      <Filter>Source Files</Filter>
    </ClCompile>
    <ClCompile Include="UncleBogdanAndCountryHappiness.cpp">
      <Filter>Source Files</Filter>
    </ClCompile>
    <ClCompile Include="BusToUdayland.cpp">
      <Filter>Source Files</Filter>
    </ClCompile>
    <ClCompile Include="BeautifulString.cpp">
      <Filter>Source Files</Filter>
    </ClCompile>
    <ClCompile Include="JourneyPlanning.cpp">
      <Filter>Source Files</Filter>
    </ClCompile>
    <ClCompile Include="JzzhuAndSequences.cpp">
      <Filter>Source Files</Filter>
    </ClCompile>
    <ClCompile Include="TwoSeals.cpp">
      <Filter>Source Files</Filter>
    </ClCompile>
    <ClCompile Include="KarenAndGame.cpp">
      <Filter>Source Files</Filter>
    </ClCompile>
    <ClCompile Include="Vitamins.cpp">
      <Filter>Source Files</Filter>
    </ClCompile>
    <ClCompile Include="Benches.cpp">
      <Filter>Source Files</Filter>
    </ClCompile>
    <ClCompile Include="WeirdSort.cpp">
      <Filter>Source Files</Filter>
    </ClCompile>
    <ClCompile Include="LLPS.cpp">
      <Filter>Source Files</Filter>
    </ClCompile>
    <ClCompile Include="Limericks.cpp">
      <Filter>Source Files</Filter>
    </ClCompile>
    <ClCompile Include="BalancedTunnel.cpp">
      <Filter>Source Files</Filter>
    </ClCompile>
    <ClCompile Include="Cupboards.cpp">
      <Filter>Source Files</Filter>
    </ClCompile>
    <ClCompile Include="SnowWalkingBot.cpp">
      <Filter>Source Files</Filter>
    </ClCompile>
    <ClCompile Include="PoloThePenguinAndMatrix.cpp">
      <Filter>Source Files</Filter>
    </ClCompile>
    <ClCompile Include="PowersOfTwo.cpp">
      <Filter>Source Files</Filter>
    </ClCompile>
    <ClCompile Include="LuckyNumbers.cpp">
      <Filter>Source Files</Filter>
    </ClCompile>
    <ClCompile Include="StronglyConnectedCity.cpp">
      <Filter>Source Files</Filter>
    </ClCompile>
    <ClCompile Include="PhysicsPractical.cpp">
      <Filter>Source Files</Filter>
    </ClCompile>
    <ClCompile Include="AcaciusandString.cpp">
      <Filter>Source Files</Filter>
    </ClCompile>
    <ClCompile Include="GeorgeAndAccommodation.cpp">
      <Filter>Source Files</Filter>
    </ClCompile>
    <ClCompile Include="ShowerLine.cpp">
      <Filter>Source Files</Filter>
    </ClCompile>
    <ClCompile Include="MikeAndFun.cpp">
      <Filter>Source Files</Filter>
    </ClCompile>
    <ClCompile Include="FoxAndNames.cpp">
      <Filter>Source Files</Filter>
    </ClCompile>
    <ClCompile Include="Taymyriscallingyou.cpp">
      <Filter>Source Files</Filter>
    </ClCompile>
    <ClCompile Include="LuckyYear.cpp">
      <Filter>Source Files</Filter>
    </ClCompile>
    <ClCompile Include="BuyingAHouse.cpp">
      <Filter>Source Files</Filter>
    </ClCompile>
    <ClCompile Include="Skyscrapers.cpp">
      <Filter>Source Files</Filter>
    </ClCompile>
    <ClCompile Include="RemoveSmallest.cpp">
      <Filter>Source Files</Filter>
    </ClCompile>
    <ClCompile Include="GiftsFixing.cpp">
      <Filter>Source Files</Filter>
    </ClCompile>
    <ClCompile Include="BinaryStringToSubsequences.cpp">
      <Filter>Source Files</Filter>
    </ClCompile>
    <ClCompile Include="BoatsCompetition.cpp">
      <Filter>Source Files</Filter>
    </ClCompile>
    <ClCompile Include="StringModification.cpp">
      <Filter>Source Files</Filter>
    </ClCompile>
    <ClCompile Include="MahmoudAndEhabandtheBipartiteness.cpp">
      <Filter>Source Files</Filter>
    </ClCompile>
    <ClCompile Include="PatrickAndShopping.cpp">
      <Filter>Source Files</Filter>
    </ClCompile>
    <ClCompile Include="RainbowDashFluttershyAndChessColoring.cpp">
      <Filter>Source Files</Filter>
    </ClCompile>
    <ClCompile Include="DivisorSubtraction.cpp">
      <Filter>Source Files</Filter>
    </ClCompile>
    <ClCompile Include="Thor.cpp">
      <Filter>Source Files</Filter>
    </ClCompile>
    <ClCompile Include="SoldiersAndCards.cpp">
      <Filter>Source Files</Filter>
    </ClCompile>
    <ClCompile Include="Twins.cpp">
      <Filter>Source Files</Filter>
    </ClCompile>
    <ClCompile Include="VanyaAndFence.cpp">
      <Filter>Source Files</Filter>
    </ClCompile>
    <ClCompile Include="QueriesOnAString.cpp">
      <Filter>Source Files</Filter>
    </ClCompile>
    <ClCompile Include="Subarrays.cpp">
      <Filter>Source Files</Filter>
    </ClCompile>
    <ClCompile Include="FixYou.cpp">
      <Filter>Source Files</Filter>
    </ClCompile>
    <ClCompile Include="CyclicPermutations.cpp">
      <Filter>Source Files</Filter>
    </ClCompile>
    <ClCompile Include="AssigningToClasses.cpp">
      <Filter>Source Files</Filter>
    </ClCompile>
    <ClCompile Include="Coder.cpp">
      <Filter>Source Files</Filter>
    </ClCompile>
    <ClCompile Include="AandBandTeamThinking.cpp">
      <Filter>Source Files</Filter>
    </ClCompile>
    <ClCompile Include="VanyaAndCubes.cpp">
      <Filter>Source Files</Filter>
    </ClCompile>
    <ClCompile Include="Cookies.cpp">
      <Filter>Source Files</Filter>
    </ClCompile>
    <ClCompile Include="Counterexample.cpp">
      <Filter>Source Files</Filter>
    </ClCompile>
    <ClCompile Include="NearestMinimums.cpp">
      <Filter>Source Files</Filter>
    </ClCompile>
    <ClCompile Include="Journey.cpp">
      <Filter>Source Files</Filter>
    </ClCompile>
    <ClCompile Include="TransformationFromAToB.cpp">
      <Filter>Source Files</Filter>
    </ClCompile>
    <ClCompile Include="TeamOlympiad.cpp">
      <Filter>Source Files</Filter>
    </ClCompile>
    <ClCompile Include="Chips.cpp">
      <Filter>Source Files</Filter>
    </ClCompile>
    <ClCompile Include="BadTriangle.cpp">
      <Filter>Source Files</Filter>
    </ClCompile>
    <ClCompile Include="SubstringRemovalGame.cpp">
      <Filter>Source Files</Filter>
    </ClCompile>
    <ClCompile Include="ThreePilesOfCandies.cpp">
      <Filter>Source Files</Filter>
    </ClCompile>
    <ClCompile Include="LongestPalindrome.cpp">
      <Filter>Source Files</Filter>
    </ClCompile>
    <ClCompile Include="CreateTheTeams.cpp">
      <Filter>Source Files</Filter>
    </ClCompile>
    <ClCompile Include="AngryStudents.cpp">
      <Filter>Source Files</Filter>
    </ClCompile>
    <ClCompile Include="BerOSFileSystem.cpp">
      <Filter>Source Files</Filter>
    </ClCompile>
    <ClCompile Include="BearAndPoker.cpp">
      <Filter>Source Files</Filter>
    </ClCompile>
    <ClCompile Include="PolandBallAndHypothesis.cpp">
      <Filter>Source Files</Filter>
    </ClCompile>
    <ClCompile Include="Bulbs.cpp">
      <Filter>Source Files</Filter>
    </ClCompile>
    <ClCompile Include="HexToInt.cpp">
      <Filter>Source Files</Filter>
    </ClCompile>
    <ClCompile Include="RepeatingCipher.cpp">
      <Filter>Source Files</Filter>
    </ClCompile>
    <ClCompile Include="Looping.cpp">
      <Filter>Source Files</Filter>
    </ClCompile>
    <ClCompile Include="JugglingLetters.cpp">
      <Filter>Source Files</Filter>
    </ClCompile>
    <ClCompile Include="BearAndRaspberry.cpp">
      <Filter>Source Files</Filter>
    </ClCompile>
    <ClCompile Include="YetAnotherTwoIntegersProblem.cpp">
      <Filter>Source Files</Filter>
    </ClCompile>
    <ClCompile Include="MinimumProduct.cpp">
      <Filter>Source Files</Filter>
    </ClCompile>
    <ClCompile Include="SubsetMex.cpp">
      <Filter>Source Files</Filter>
    </ClCompile>
    <ClCompile Include="DigitGame.cpp">
      <Filter>Source Files</Filter>
    </ClCompile>
    <ClCompile Include="AvoidingZero.cpp">
      <Filter>Source Files</Filter>
    </ClCompile>
    <ClCompile Include="FloorNumber.cpp">
      <Filter>Source Files</Filter>
    </ClCompile>
    <ClCompile Include="Hotelier.cpp">
      <Filter>Source Files</Filter>
    </ClCompile>
  </ItemGroup>
  <ItemGroup>
    <ClInclude Include="bigint.h">
      <Filter>Resource Files</Filter>
    </ClInclude>
    <ClInclude Include="CommonlyUsedFunc.h">
      <Filter>Resource Files</Filter>
    </ClInclude>
  </ItemGroup>
</Project>